
Microsoft Visual Studio Solution File, Format Version 12.00
# Visual Studio 2013
VisualStudioVersion = 12.0.31101.0
MinimumVisualStudioVersion = 10.0.40219.1
Project("{FAE04EC0-301F-11D3-BF4B-00C04F79EFBC}") = "GameInventory.Api", "GameInventory.Api\GameInventory.Api.csproj", "{A458B5B4-4BC2-461B-8A37-F9E86CAA4C9D}"
EndProject
Project("{FAE04EC0-301F-11D3-BF4B-00C04F79EFBC}") = "GameInventory.Api.Specs", "GameInventory.Api.Specs\GameInventory.Api.Specs.csproj", "{1A732DF1-3A7E-4776-9269-A873D9E19145}"
EndProject
Project("{FAE04EC0-301F-11D3-BF4B-00C04F79EFBC}") = "GameInventory.Api.Tests", "GameInventory.Api.Tests\GameInventory.Api.Tests.csproj", "{999FECDD-2337-4AF6-A9A8-3122D8C83255}"
EndProject
Project("{FAE04EC0-301F-11D3-BF4B-00C04F79EFBC}") = "GameInventory.Api.Domain", "GameInventory.Api.Domain\GameInventory.Api.Domain.csproj", "{67E63689-D93F-4E5B-9591-A26C846C85F4}"
EndProject
Global
	GlobalSection(SolutionConfigurationPlatforms) = preSolution
		Debug|Any CPU = Debug|Any CPU
		Release|Any CPU = Release|Any CPU
	EndGlobalSection
	GlobalSection(ProjectConfigurationPlatforms) = postSolution
		{A458B5B4-4BC2-461B-8A37-F9E86CAA4C9D}.Debug|Any CPU.ActiveCfg = Debug|Any CPU
		{A458B5B4-4BC2-461B-8A37-F9E86CAA4C9D}.Debug|Any CPU.Build.0 = Debug|Any CPU
		{A458B5B4-4BC2-461B-8A37-F9E86CAA4C9D}.Release|Any CPU.ActiveCfg = Release|Any CPU
		{A458B5B4-4BC2-461B-8A37-F9E86CAA4C9D}.Release|Any CPU.Build.0 = Release|Any CPU
		{1A732DF1-3A7E-4776-9269-A873D9E19145}.Debug|Any CPU.ActiveCfg = Debug|Any CPU
		{1A732DF1-3A7E-4776-9269-A873D9E19145}.Debug|Any CPU.Build.0 = Debug|Any CPU
		{1A732DF1-3A7E-4776-9269-A873D9E19145}.Release|Any CPU.ActiveCfg = Release|Any CPU
		{1A732DF1-3A7E-4776-9269-A873D9E19145}.Release|Any CPU.Build.0 = Release|Any CPU
		{999FECDD-2337-4AF6-A9A8-3122D8C83255}.Debug|Any CPU.ActiveCfg = Debug|Any CPU
		{999FECDD-2337-4AF6-A9A8-3122D8C83255}.Debug|Any CPU.Build.0 = Debug|Any CPU
		{999FECDD-2337-4AF6-A9A8-3122D8C83255}.Release|Any CPU.ActiveCfg = Release|Any CPU
		{999FECDD-2337-4AF6-A9A8-3122D8C83255}.Release|Any CPU.Build.0 = Release|Any CPU
		{67E63689-D93F-4E5B-9591-A26C846C85F4}.Debug|Any CPU.ActiveCfg = Debug|Any CPU
		{67E63689-D93F-4E5B-9591-A26C846C85F4}.Debug|Any CPU.Build.0 = Debug|Any CPU
		{67E63689-D93F-4E5B-9591-A26C846C85F4}.Release|Any CPU.ActiveCfg = Release|Any CPU
		{67E63689-D93F-4E5B-9591-A26C846C85F4}.Release|Any CPU.Build.0 = Release|Any CPU
	EndGlobalSection
	GlobalSection(SolutionProperties) = preSolution
		HideSolutionNode = FALSE
	EndGlobalSection
EndGlobal
